
Microsoft Visual Studio Solution File, Format Version 12.00
# Visual Studio Version 16
VisualStudioVersion = 16.0.28803.352
MinimumVisualStudioVersion = 10.0.40219.1
Project("{2150E333-8FDC-42A3-9474-1A3956D46DE8}") = "App", "App", "{386472B7-2282-456C-896A-03C387421BD6}"
EndProject
Project("{2150E333-8FDC-42A3-9474-1A3956D46DE8}") = "Services", "Services", "{A6E452FD-6C83-4F80-ABD8-D2E506F5C327}"
EndProject
Project("{9A19103F-16F7-4668-BE54-9A1E7A4F7556}") = "HomeHunter.Common", "HomeHunterCommon\HomeHunter.Common.csproj", "{71D84CCC-C2D9-4023-9ED0-869E9CBA87D8}"
EndProject
Project("{2150E333-8FDC-42A3-9474-1A3956D46DE8}") = "Data", "Data", "{1A35FB9F-ADE2-4FFE-BB4A-763C0D44BFFC}"
EndProject
Project("{9A19103F-16F7-4668-BE54-9A1E7A4F7556}") = "HomeHunter.Data", "Data\HomeHunter.Data\HomeHunter.Data.csproj", "{044A81F3-C1B5-4153-9F62-44BC1A133140}"
EndProject
Project("{9A19103F-16F7-4668-BE54-9A1E7A4F7556}") = "HomeHunter.Domain", "Data\HomeHunter.Domain\HomeHunter.Domain.csproj", "{D899E631-B6D5-4445-95BE-32EBE3C40590}"
EndProject
Project("{9A19103F-16F7-4668-BE54-9A1E7A4F7556}") = "HomeHunter.App", "App\HomeHunter.App\HomeHunter.App.csproj", "{DE77751F-C5ED-47D0-AB5B-42BF5A990F85}"
EndProject
Project("{9A19103F-16F7-4668-BE54-9A1E7A4F7556}") = "HomeHunter.Models", "App\HomeHunter.Models\HomeHunter.Models.csproj", "{F42B68C0-0736-4E4B-85B1-39D186F8635F}"
EndProject
Project("{9A19103F-16F7-4668-BE54-9A1E7A4F7556}") = "HomeHunter.Services", "Services\HomeHunter.Services\HomeHunter.Services.csproj", "{14016004-7C7C-4EF0-A6ED-9F0B80B8A4EE}"
EndProject
Project("{9A19103F-16F7-4668-BE54-9A1E7A4F7556}") = "HomeHunter.Services.Models", "Services\HomeHunter.Services.Models\HomeHunter.Services.Models.csproj", "{37845D17-3D33-44D5-A93F-E326376183D7}"
EndProject
Project("{9A19103F-16F7-4668-BE54-9A1E7A4F7556}") = "HomeHunter.Services.Mappings", "Services\HomeHunter.Services.Mappings\HomeHunter.Services.Mappings.csproj", "{0702E0DF-C3DF-4E4E-B76C-77F6956D8E72}"
EndProject
Project("{9A19103F-16F7-4668-BE54-9A1E7A4F7556}") = "HomeHunter.Infrastructure", "App\HomeHunter.Infrastructure\HomeHunter.Infrastructure.csproj", "{80CC2475-4971-4876-80CD-68F4F6724B40}"
EndProject
Project("{9A19103F-16F7-4668-BE54-9A1E7A4F7556}") = "HomeHunter.Services.MLDataGather", "Services\HomeHunter.Services.MLDataGather\HomeHunter.Services.MLDataGather.csproj", "{5E67E023-87FD-45BB-ACA5-21BFC12963AC}"
EndProject
Project("{9A19103F-16F7-4668-BE54-9A1E7A4F7556}") = "HomeHunterTests", "Tests\HomeHunterTests\HomeHunterTests.csproj", "{CDFA5FBB-D85C-473A-919D-182B49820E9C}"
EndProject
Global
	GlobalSection(SolutionConfigurationPlatforms) = preSolution
		Debug|Any CPU = Debug|Any CPU
		Release|Any CPU = Release|Any CPU
	EndGlobalSection
	GlobalSection(ProjectConfigurationPlatforms) = postSolution
		{71D84CCC-C2D9-4023-9ED0-869E9CBA87D8}.Debug|Any CPU.ActiveCfg = Debug|Any CPU
		{71D84CCC-C2D9-4023-9ED0-869E9CBA87D8}.Debug|Any CPU.Build.0 = Debug|Any CPU
		{71D84CCC-C2D9-4023-9ED0-869E9CBA87D8}.Release|Any CPU.ActiveCfg = Release|Any CPU
		{71D84CCC-C2D9-4023-9ED0-869E9CBA87D8}.Release|Any CPU.Build.0 = Release|Any CPU
		{044A81F3-C1B5-4153-9F62-44BC1A133140}.Debug|Any CPU.ActiveCfg = Debug|Any CPU
		{044A81F3-C1B5-4153-9F62-44BC1A133140}.Debug|Any CPU.Build.0 = Debug|Any CPU
		{044A81F3-C1B5-4153-9F62-44BC1A133140}.Release|Any CPU.ActiveCfg = Release|Any CPU
		{044A81F3-C1B5-4153-9F62-44BC1A133140}.Release|Any CPU.Build.0 = Release|Any CPU
		{D899E631-B6D5-4445-95BE-32EBE3C40590}.Debug|Any CPU.ActiveCfg = Debug|Any CPU
		{D899E631-B6D5-4445-95BE-32EBE3C40590}.Debug|Any CPU.Build.0 = Debug|Any CPU
		{D899E631-B6D5-4445-95BE-32EBE3C40590}.Release|Any CPU.ActiveCfg = Release|Any CPU
		{D899E631-B6D5-4445-95BE-32EBE3C40590}.Release|Any CPU.Build.0 = Release|Any CPU
		{DE77751F-C5ED-47D0-AB5B-42BF5A990F85}.Debug|Any CPU.ActiveCfg = Debug|Any CPU
		{DE77751F-C5ED-47D0-AB5B-42BF5A990F85}.Debug|Any CPU.Build.0 = Debug|Any CPU
		{DE77751F-C5ED-47D0-AB5B-42BF5A990F85}.Release|Any CPU.ActiveCfg = Release|Any CPU
		{DE77751F-C5ED-47D0-AB5B-42BF5A990F85}.Release|Any CPU.Build.0 = Release|Any CPU
		{F42B68C0-0736-4E4B-85B1-39D186F8635F}.Debug|Any CPU.ActiveCfg = Debug|Any CPU
		{F42B68C0-0736-4E4B-85B1-39D186F8635F}.Debug|Any CPU.Build.0 = Debug|Any CPU
		{F42B68C0-0736-4E4B-85B1-39D186F8635F}.Release|Any CPU.ActiveCfg = Release|Any CPU
		{F42B68C0-0736-4E4B-85B1-39D186F8635F}.Release|Any CPU.Build.0 = Release|Any CPU
		{14016004-7C7C-4EF0-A6ED-9F0B80B8A4EE}.Debug|Any CPU.ActiveCfg = Debug|Any CPU
		{14016004-7C7C-4EF0-A6ED-9F0B80B8A4EE}.Debug|Any CPU.Build.0 = Debug|Any CPU
		{14016004-7C7C-4EF0-A6ED-9F0B80B8A4EE}.Release|Any CPU.ActiveCfg = Release|Any CPU
		{14016004-7C7C-4EF0-A6ED-9F0B80B8A4EE}.Release|Any CPU.Build.0 = Release|Any CPU
		{37845D17-3D33-44D5-A93F-E326376183D7}.Debug|Any CPU.ActiveCfg = Debug|Any CPU
		{37845D17-3D33-44D5-A93F-E326376183D7}.Debug|Any CPU.Build.0 = Debug|Any CPU
		{37845D17-3D33-44D5-A93F-E326376183D7}.Release|Any CPU.ActiveCfg = Release|Any CPU
		{37845D17-3D33-44D5-A93F-E326376183D7}.Release|Any CPU.Build.0 = Release|Any CPU
		{0702E0DF-C3DF-4E4E-B76C-77F6956D8E72}.Debug|Any CPU.ActiveCfg = Debug|Any CPU
		{0702E0DF-C3DF-4E4E-B76C-77F6956D8E72}.Debug|Any CPU.Build.0 = Debug|Any CPU
		{0702E0DF-C3DF-4E4E-B76C-77F6956D8E72}.Release|Any CPU.ActiveCfg = Release|Any CPU
		{0702E0DF-C3DF-4E4E-B76C-77F6956D8E72}.Release|Any CPU.Build.0 = Release|Any CPU
		{80CC2475-4971-4876-80CD-68F4F6724B40}.Debug|Any CPU.ActiveCfg = Debug|Any CPU
		{80CC2475-4971-4876-80CD-68F4F6724B40}.Debug|Any CPU.Build.0 = Debug|Any CPU
		{80CC2475-4971-4876-80CD-68F4F6724B40}.Release|Any CPU.ActiveCfg = Release|Any CPU
		{80CC2475-4971-4876-80CD-68F4F6724B40}.Release|Any CPU.Build.0 = Release|Any CPU
		{5E67E023-87FD-45BB-ACA5-21BFC12963AC}.Debug|Any CPU.ActiveCfg = Debug|Any CPU
		{5E67E023-87FD-45BB-ACA5-21BFC12963AC}.Debug|Any CPU.Build.0 = Debug|Any CPU
		{5E67E023-87FD-45BB-ACA5-21BFC12963AC}.Release|Any CPU.ActiveCfg = Release|Any CPU
		{5E67E023-87FD-45BB-ACA5-21BFC12963AC}.Release|Any CPU.Build.0 = Release|Any CPU
		{CDFA5FBB-D85C-473A-919D-182B49820E9C}.Debug|Any CPU.ActiveCfg = Debug|Any CPU
		{CDFA5FBB-D85C-473A-919D-182B49820E9C}.Debug|Any CPU.Build.0 = Debug|Any CPU
		{CDFA5FBB-D85C-473A-919D-182B49820E9C}.Release|Any CPU.ActiveCfg = Release|Any CPU
		{CDFA5FBB-D85C-473A-919D-182B49820E9C}.Release|Any CPU.Build.0 = Release|Any CPU
	EndGlobalSection
	GlobalSection(SolutionProperties) = preSolution
		HideSolutionNode = FALSE
	EndGlobalSection
	GlobalSection(NestedProjects) = preSolution
		{044A81F3-C1B5-4153-9F62-44BC1A133140} = {1A35FB9F-ADE2-4FFE-BB4A-763C0D44BFFC}
		{D899E631-B6D5-4445-95BE-32EBE3C40590} = {1A35FB9F-ADE2-4FFE-BB4A-763C0D44BFFC}
		{DE77751F-C5ED-47D0-AB5B-42BF5A990F85} = {386472B7-2282-456C-896A-03C387421BD6}
		{F42B68C0-0736-4E4B-85B1-39D186F8635F} = {386472B7-2282-456C-896A-03C387421BD6}
		{14016004-7C7C-4EF0-A6ED-9F0B80B8A4EE} = {A6E452FD-6C83-4F80-ABD8-D2E506F5C327}
		{37845D17-3D33-44D5-A93F-E326376183D7} = {A6E452FD-6C83-4F80-ABD8-D2E506F5C327}
		{0702E0DF-C3DF-4E4E-B76C-77F6956D8E72} = {A6E452FD-6C83-4F80-ABD8-D2E506F5C327}
		{80CC2475-4971-4876-80CD-68F4F6724B40} = {386472B7-2282-456C-896A-03C387421BD6}
		{5E67E023-87FD-45BB-ACA5-21BFC12963AC} = {A6E452FD-6C83-4F80-ABD8-D2E506F5C327}
	EndGlobalSection
	GlobalSection(ExtensibilityGlobals) = postSolution
		SolutionGuid = {F4988E08-8564-4FF7-9343-647C497E401B}
	EndGlobalSection
EndGlobal
